// !$*UTF8*$!
{
	archiveVersion = 1;
	classes = {
	};
	objectVersion = 50;
	objects = {

/* Begin PBXBuildFile section */
		409338BE2678DA4B00351D44 /* AppDelegate.swift in Sources */ = {isa = PBXBuildFile; fileRef = 409338BD2678DA4B00351D44 /* AppDelegate.swift */; };
		409338C02678DA4B00351D44 /* SceneDelegate.swift in Sources */ = {isa = PBXBuildFile; fileRef = 409338BF2678DA4B00351D44 /* SceneDelegate.swift */; };
		409338C22678DA4B00351D44 /* ViewController.swift in Sources */ = {isa = PBXBuildFile; fileRef = 409338C12678DA4B00351D44 /* ViewController.swift */; };
		409338C52678DA4B00351D44 /* Main.storyboard in Resources */ = {isa = PBXBuildFile; fileRef = 409338C32678DA4B00351D44 /* Main.storyboard */; };
		409338C72678DA4E00351D44 /* Assets.xcassets in Resources */ = {isa = PBXBuildFile; fileRef = 409338C62678DA4E00351D44 /* Assets.xcassets */; };
		409338CA2678DA4E00351D44 /* LaunchScreen.storyboard in Resources */ = {isa = PBXBuildFile; fileRef = 409338C82678DA4E00351D44 /* LaunchScreen.storyboard */; };
		409338D52678DA4F00351D44 /* BooksTests.swift in Sources */ = {isa = PBXBuildFile; fileRef = 409338D42678DA4F00351D44 /* BooksTests.swift */; };
		409338E02678DA4F00351D44 /* BooksUITests.swift in Sources */ = {isa = PBXBuildFile; fileRef = 409338DF2678DA4F00351D44 /* BooksUITests.swift */; };
		409338EE2678DAA300351D44 /* MockBooks.json in Resources */ = {isa = PBXBuildFile; fileRef = 409338ED2678DAA300351D44 /* MockBooks.json */; };
		409338F42678DB2700351D44 /* BooksAPI.swift in Sources */ = {isa = PBXBuildFile; fileRef = 409338F32678DB2700351D44 /* BooksAPI.swift */; };
		409338F62678DB3000351D44 /* Book.swift in Sources */ = {isa = PBXBuildFile; fileRef = 409338F52678DB3000351D44 /* Book.swift */; };
		409338F82678DD0F00351D44 /* Service.swift in Sources */ = {isa = PBXBuildFile; fileRef = 409338F72678DD0F00351D44 /* Service.swift */; };
		409338FD2678EB0800351D44 /* Constants.swift in Sources */ = {isa = PBXBuildFile; fileRef = 409338FC2678EB0800351D44 /* Constants.swift */; };
/* End PBXBuildFile section */

/* Begin PBXContainerItemProxy section */
		409338D12678DA4F00351D44 /* PBXContainerItemProxy */ = {
			isa = PBXContainerItemProxy;
			containerPortal = 409338B22678DA4B00351D44 /* Project object */;
			proxyType = 1;
			remoteGlobalIDString = 409338B92678DA4B00351D44;
			remoteInfo = Books;
		};
		409338DC2678DA4F00351D44 /* PBXContainerItemProxy */ = {
			isa = PBXContainerItemProxy;
			containerPortal = 409338B22678DA4B00351D44 /* Project object */;
			proxyType = 1;
			remoteGlobalIDString = 409338B92678DA4B00351D44;
			remoteInfo = Books;
		};
/* End PBXContainerItemProxy section */

/* Begin PBXFileReference section */
		409338BA2678DA4B00351D44 /* Books.app */ = {isa = PBXFileReference; explicitFileType = wrapper.application; includeInIndex = 0; path = Books.app; sourceTree = BUILT_PRODUCTS_DIR; };
		409338BD2678DA4B00351D44 /* AppDelegate.swift */ = {isa = PBXFileReference; lastKnownFileType = sourcecode.swift; path = AppDelegate.swift; sourceTree = "<group>"; };
		409338BF2678DA4B00351D44 /* SceneDelegate.swift */ = {isa = PBXFileReference; lastKnownFileType = sourcecode.swift; path = SceneDelegate.swift; sourceTree = "<group>"; };
		409338C12678DA4B00351D44 /* ViewController.swift */ = {isa = PBXFileReference; lastKnownFileType = sourcecode.swift; path = ViewController.swift; sourceTree = "<group>"; };
		409338C42678DA4B00351D44 /* Base */ = {isa = PBXFileReference; lastKnownFileType = file.storyboard; name = Base; path = Base.lproj/Main.storyboard; sourceTree = "<group>"; };
		409338C62678DA4E00351D44 /* Assets.xcassets */ = {isa = PBXFileReference; lastKnownFileType = folder.assetcatalog; path = Assets.xcassets; sourceTree = "<group>"; };
		409338C92678DA4E00351D44 /* Base */ = {isa = PBXFileReference; lastKnownFileType = file.storyboard; name = Base; path = Base.lproj/LaunchScreen.storyboard; sourceTree = "<group>"; };
		409338CB2678DA4E00351D44 /* Info.plist */ = {isa = PBXFileReference; lastKnownFileType = text.plist.xml; path = Info.plist; sourceTree = "<group>"; };
		409338D02678DA4F00351D44 /* BooksTests.xctest */ = {isa = PBXFileReference; explicitFileType = wrapper.cfbundle; includeInIndex = 0; path = BooksTests.xctest; sourceTree = BUILT_PRODUCTS_DIR; };
		409338D42678DA4F00351D44 /* BooksTests.swift */ = {isa = PBXFileReference; lastKnownFileType = sourcecode.swift; path = BooksTests.swift; sourceTree = "<group>"; };
		409338D62678DA4F00351D44 /* Info.plist */ = {isa = PBXFileReference; lastKnownFileType = text.plist.xml; path = Info.plist; sourceTree = "<group>"; };
		409338DB2678DA4F00351D44 /* BooksUITests.xctest */ = {isa = PBXFileReference; explicitFileType = wrapper.cfbundle; includeInIndex = 0; path = BooksUITests.xctest; sourceTree = BUILT_PRODUCTS_DIR; };
		409338DF2678DA4F00351D44 /* BooksUITests.swift */ = {isa = PBXFileReference; lastKnownFileType = sourcecode.swift; path = BooksUITests.swift; sourceTree = "<group>"; };
		409338E12678DA4F00351D44 /* Info.plist */ = {isa = PBXFileReference; lastKnownFileType = text.plist.xml; path = Info.plist; sourceTree = "<group>"; };
		409338ED2678DAA300351D44 /* MockBooks.json */ = {isa = PBXFileReference; lastKnownFileType = text.json; path = MockBooks.json; sourceTree = "<group>"; };
		409338F32678DB2700351D44 /* BooksAPI.swift */ = {isa = PBXFileReference; lastKnownFileType = sourcecode.swift; path = BooksAPI.swift; sourceTree = "<group>"; };
		409338F52678DB3000351D44 /* Book.swift */ = {isa = PBXFileReference; lastKnownFileType = sourcecode.swift; path = Book.swift; sourceTree = "<group>"; };
		409338F72678DD0F00351D44 /* Service.swift */ = {isa = PBXFileReference; lastKnownFileType = sourcecode.swift; path = Service.swift; sourceTree = "<group>"; };
		409338FC2678EB0800351D44 /* Constants.swift */ = {isa = PBXFileReference; lastKnownFileType = sourcecode.swift; path = Constants.swift; sourceTree = "<group>"; };
/* End PBXFileReference section */

/* Begin PBXFrameworksBuildPhase section */
		409338B72678DA4B00351D44 /* Frameworks */ = {
			isa = PBXFrameworksBuildPhase;
			buildActionMask = 2147483647;
			files = (
			);
			runOnlyForDeploymentPostprocessing = 0;
		};
		409338CD2678DA4F00351D44 /* Frameworks */ = {
			isa = PBXFrameworksBuildPhase;
			buildActionMask = 2147483647;
			files = (
			);
			runOnlyForDeploymentPostprocessing = 0;
		};
		409338D82678DA4F00351D44 /* Frameworks */ = {
			isa = PBXFrameworksBuildPhase;
			buildActionMask = 2147483647;
			files = (
			);
			runOnlyForDeploymentPostprocessing = 0;
		};
/* End PBXFrameworksBuildPhase section */

/* Begin PBXGroup section */
		409338B12678DA4B00351D44 = {
			isa = PBXGroup;
			children = (
				409338BC2678DA4B00351D44 /* Books */,
				409338D32678DA4F00351D44 /* BooksTests */,
				409338DE2678DA4F00351D44 /* BooksUITests */,
				409338BB2678DA4B00351D44 /* Products */,
			);
			sourceTree = "<group>";
		};
		409338BB2678DA4B00351D44 /* Products */ = {
			isa = PBXGroup;
			children = (
				409338BA2678DA4B00351D44 /* Books.app */,
				409338D02678DA4F00351D44 /* BooksTests.xctest */,
				409338DB2678DA4F00351D44 /* BooksUITests.xctest */,
			);
			name = Products;
			sourceTree = "<group>";
		};
		409338BC2678DA4B00351D44 /* Books */ = {
			isa = PBXGroup;
			children = (
				409338FE2678F6F100351D44 /* Utilities */,
				409338F22678DAFD00351D44 /* APIs */,
				409338F12678DAE900351D44 /* Models */,
				409338F02678DADF00351D44 /* Views */,
				409338EF2678DACA00351D44 /* ViewModels */,
				409338BD2678DA4B00351D44 /* AppDelegate.swift */,
				409338BF2678DA4B00351D44 /* SceneDelegate.swift */,
				409338C12678DA4B00351D44 /* ViewController.swift */,
				409338C32678DA4B00351D44 /* Main.storyboard */,
				409338C62678DA4E00351D44 /* Assets.xcassets */,
				409338C82678DA4E00351D44 /* LaunchScreen.storyboard */,
				409338CB2678DA4E00351D44 /* Info.plist */,
				409338ED2678DAA300351D44 /* MockBooks.json */,
			);
			path = Books;
			sourceTree = "<group>";
		};
		409338D32678DA4F00351D44 /* BooksTests */ = {
			isa = PBXGroup;
			children = (
				409338D42678DA4F00351D44 /* BooksTests.swift */,
				409338D62678DA4F00351D44 /* Info.plist */,
			);
			path = BooksTests;
			sourceTree = "<group>";
		};
		409338DE2678DA4F00351D44 /* BooksUITests */ = {
			isa = PBXGroup;
			children = (
				409338DF2678DA4F00351D44 /* BooksUITests.swift */,
				409338E12678DA4F00351D44 /* Info.plist */,
			);
			path = BooksUITests;
			sourceTree = "<group>";
		};
		409338EF2678DACA00351D44 /* ViewModels */ = {
			isa = PBXGroup;
			children = (
			);
			path = ViewModels;
			sourceTree = "<group>";
		};
		409338F02678DADF00351D44 /* Views */ = {
			isa = PBXGroup;
			children = (
			);
			path = Views;
			sourceTree = "<group>";
		};
		409338F12678DAE900351D44 /* Models */ = {
			isa = PBXGroup;
			children = (
				409338F52678DB3000351D44 /* Book.swift */,
			);
			path = Models;
			sourceTree = "<group>";
		};
		409338F22678DAFD00351D44 /* APIs */ = {
			isa = PBXGroup;
			children = (
				409338F72678DD0F00351D44 /* Service.swift */,
				409338F32678DB2700351D44 /* BooksAPI.swift */,
			);
			path = APIs;
			sourceTree = "<group>";
		};
		409338FE2678F6F100351D44 /* Utilities */ = {
			isa = PBXGroup;
			children = (
				409338FC2678EB0800351D44 /* Constants.swift */,
			);
			path = Utilities;
			sourceTree = "<group>";
		};
/* End PBXGroup section */

/* Begin PBXNativeTarget section */
		409338B92678DA4B00351D44 /* Books */ = {
			isa = PBXNativeTarget;
			buildConfigurationList = 409338E42678DA4F00351D44 /* Build configuration list for PBXNativeTarget "Books" */;
			buildPhases = (
				409338B62678DA4B00351D44 /* Sources */,
				409338B72678DA4B00351D44 /* Frameworks */,
				409338B82678DA4B00351D44 /* Resources */,
			);
			buildRules = (
			);
			dependencies = (
			);
			name = Books;
			productName = Books;
			productReference = 409338BA2678DA4B00351D44 /* Books.app */;
			productType = "com.apple.product-type.application";
		};
		409338CF2678DA4F00351D44 /* BooksTests */ = {
			isa = PBXNativeTarget;
			buildConfigurationList = 409338E72678DA4F00351D44 /* Build configuration list for PBXNativeTarget "BooksTests" */;
			buildPhases = (
				409338CC2678DA4F00351D44 /* Sources */,
				409338CD2678DA4F00351D44 /* Frameworks */,
				409338CE2678DA4F00351D44 /* Resources */,
			);
			buildRules = (
			);
			dependencies = (
				409338D22678DA4F00351D44 /* PBXTargetDependency */,
			);
			name = BooksTests;
			productName = BooksTests;
			productReference = 409338D02678DA4F00351D44 /* BooksTests.xctest */;
			productType = "com.apple.product-type.bundle.unit-test";
		};
		409338DA2678DA4F00351D44 /* BooksUITests */ = {
			isa = PBXNativeTarget;
			buildConfigurationList = 409338EA2678DA4F00351D44 /* Build configuration list for PBXNativeTarget "BooksUITests" */;
			buildPhases = (
				409338D72678DA4F00351D44 /* Sources */,
				409338D82678DA4F00351D44 /* Frameworks */,
				409338D92678DA4F00351D44 /* Resources */,
			);
			buildRules = (
			);
			dependencies = (
				409338DD2678DA4F00351D44 /* PBXTargetDependency */,
			);
			name = BooksUITests;
			productName = BooksUITests;
			productReference = 409338DB2678DA4F00351D44 /* BooksUITests.xctest */;
			productType = "com.apple.product-type.bundle.ui-testing";
		};
/* End PBXNativeTarget section */

/* Begin PBXProject section */
		409338B22678DA4B00351D44 /* Project object */ = {
			isa = PBXProject;
			attributes = {
				LastSwiftUpdateCheck = 1250;
				LastUpgradeCheck = 1250;
				TargetAttributes = {
					409338B92678DA4B00351D44 = {
						CreatedOnToolsVersion = 12.5;
					};
					409338CF2678DA4F00351D44 = {
						CreatedOnToolsVersion = 12.5;
						TestTargetID = 409338B92678DA4B00351D44;
					};
					409338DA2678DA4F00351D44 = {
						CreatedOnToolsVersion = 12.5;
						TestTargetID = 409338B92678DA4B00351D44;
					};
				};
			};
			buildConfigurationList = 409338B52678DA4B00351D44 /* Build configuration list for PBXProject "Books" */;
			compatibilityVersion = "Xcode 9.3";
			developmentRegion = en;
			hasScannedForEncodings = 0;
			knownRegions = (
				en,
				Base,
			);
			mainGroup = 409338B12678DA4B00351D44;
			productRefGroup = 409338BB2678DA4B00351D44 /* Products */;
			projectDirPath = "";
			projectRoot = "";
			targets = (
				409338B92678DA4B00351D44 /* Books */,
				409338CF2678DA4F00351D44 /* BooksTests */,
				409338DA2678DA4F00351D44 /* BooksUITests */,
			);
		};
/* End PBXProject section */

/* Begin PBXResourcesBuildPhase section */
		409338B82678DA4B00351D44 /* Resources */ = {
			isa = PBXResourcesBuildPhase;
			buildActionMask = 2147483647;
			files = (
				409338CA2678DA4E00351D44 /* LaunchScreen.storyboard in Resources */,
				409338C72678DA4E00351D44 /* Assets.xcassets in Resources */,
				409338EE2678DAA300351D44 /* MockBooks.json in Resources */,
				409338C52678DA4B00351D44 /* Main.storyboard in Resources */,
			);
			runOnlyForDeploymentPostprocessing = 0;
		};
		409338CE2678DA4F00351D44 /* Resources */ = {
			isa = PBXResourcesBuildPhase;
			buildActionMask = 2147483647;
			files = (
			);
			runOnlyForDeploymentPostprocessing = 0;
		};
		409338D92678DA4F00351D44 /* Resources */ = {
			isa = PBXResourcesBuildPhase;
			buildActionMask = 2147483647;
			files = (
			);
			runOnlyForDeploymentPostprocessing = 0;
		};
/* End PBXResourcesBuildPhase section */

/* Begin PBXSourcesBuildPhase section */
		409338B62678DA4B00351D44 /* Sources */ = {
			isa = PBXSourcesBuildPhase;
			buildActionMask = 2147483647;
			files = (
				409338FD2678EB0800351D44 /* Constants.swift in Sources */,
				409338C22678DA4B00351D44 /* ViewController.swift in Sources */,
				409338F42678DB2700351D44 /* BooksAPI.swift in Sources */,
				409338BE2678DA4B00351D44 /* AppDelegate.swift in Sources */,
				409338F62678DB3000351D44 /* Book.swift in Sources */,
				409338F82678DD0F00351D44 /* Service.swift in Sources */,
				409338C02678DA4B00351D44 /* SceneDelegate.swift in Sources */,
			);
			runOnlyForDeploymentPostprocessing = 0;
		};
		409338CC2678DA4F00351D44 /* Sources */ = {
			isa = PBXSourcesBuildPhase;
			buildActionMask = 2147483647;
			files = (
				409338D52678DA4F00351D44 /* BooksTests.swift in Sources */,
			);
			runOnlyForDeploymentPostprocessing = 0;
		};
		409338D72678DA4F00351D44 /* Sources */ = {
			isa = PBXSourcesBuildPhase;
			buildActionMask = 2147483647;
			files = (
				409338E02678DA4F00351D44 /* BooksUITests.swift in Sources */,
			);
			runOnlyForDeploymentPostprocessing = 0;
		};
/* End PBXSourcesBuildPhase section */

/* Begin PBXTargetDependency section */
		409338D22678DA4F00351D44 /* PBXTargetDependency */ = {
			isa = PBXTargetDependency;
			target = 409338B92678DA4B00351D44 /* Books */;
			targetProxy = 409338D12678DA4F00351D44 /* PBXContainerItemProxy */;
		};
		409338DD2678DA4F00351D44 /* PBXTargetDependency */ = {
			isa = PBXTargetDependency;
			target = 409338B92678DA4B00351D44 /* Books */;
			targetProxy = 409338DC2678DA4F00351D44 /* PBXContainerItemProxy */;
		};
/* End PBXTargetDependency section */

/* Begin PBXVariantGroup section */
		409338C32678DA4B00351D44 /* Main.storyboard */ = {
			isa = PBXVariantGroup;
			children = (
				409338C42678DA4B00351D44 /* Base */,
			);
			name = Main.storyboard;
			sourceTree = "<group>";
		};
		409338C82678DA4E00351D44 /* LaunchScreen.storyboard */ = {
			isa = PBXVariantGroup;
			children = (
				409338C92678DA4E00351D44 /* Base */,
			);
			name = LaunchScreen.storyboard;
			sourceTree = "<group>";
		};
/* End PBXVariantGroup section */

/* Begin XCBuildConfiguration section */
		409338E22678DA4F00351D44 /* Debug */ = {
			isa = XCBuildConfiguration;
			buildSettings = {
				ALWAYS_SEARCH_USER_PATHS = NO;
				CLANG_ANALYZER_NONNULL = YES;
				CLANG_ANALYZER_NUMBER_OBJECT_CONVERSION = YES_AGGRESSIVE;
				CLANG_CXX_LANGUAGE_STANDARD = "gnu++14";
				CLANG_CXX_LIBRARY = "libc++";
				CLANG_ENABLE_MODULES = YES;
				CLANG_ENABLE_OBJC_ARC = YES;
				CLANG_ENABLE_OBJC_WEAK = YES;
				CLANG_WARN_BLOCK_CAPTURE_AUTORELEASING = YES;
				CLANG_WARN_BOOL_CONVERSION = YES;
				CLANG_WARN_COMMA = YES;
				CLANG_WARN_CONSTANT_CONVERSION = YES;
				CLANG_WARN_DEPRECATED_OBJC_IMPLEMENTATIONS = YES;
				CLANG_WARN_DIRECT_OBJC_ISA_USAGE = YES_ERROR;
				CLANG_WARN_DOCUMENTATION_COMMENTS = YES;
				CLANG_WARN_EMPTY_BODY = YES;
				CLANG_WARN_ENUM_CONVERSION = YES;
				CLANG_WARN_INFINITE_RECURSION = YES;
				CLANG_WARN_INT_CONVERSION = YES;
				CLANG_WARN_NON_LITERAL_NULL_CONVERSION = YES;
				CLANG_WARN_OBJC_IMPLICIT_RETAIN_SELF = YES;
				CLANG_WARN_OBJC_LITERAL_CONVERSION = YES;
				CLANG_WARN_OBJC_ROOT_CLASS = YES_ERROR;
				CLANG_WARN_QUOTED_INCLUDE_IN_FRAMEWORK_HEADER = YES;
				CLANG_WARN_RANGE_LOOP_ANALYSIS = YES;
				CLANG_WARN_STRICT_PROTOTYPES = YES;
				CLANG_WARN_SUSPICIOUS_MOVE = YES;
				CLANG_WARN_UNGUARDED_AVAILABILITY = YES_AGGRESSIVE;
				CLANG_WARN_UNREACHABLE_CODE = YES;
				CLANG_WARN__DUPLICATE_METHOD_MATCH = YES;
				COPY_PHASE_STRIP = NO;
				DEBUG_INFORMATION_FORMAT = dwarf;
				ENABLE_STRICT_OBJC_MSGSEND = YES;
				ENABLE_TESTABILITY = YES;
				GCC_C_LANGUAGE_STANDARD = gnu11;
				GCC_DYNAMIC_NO_PIC = NO;
				GCC_NO_COMMON_BLOCKS = YES;
				GCC_OPTIMIZATION_LEVEL = 0;
				GCC_PREPROCESSOR_DEFINITIONS = (
					"DEBUG=1",
					"$(inherited)",
				);
				GCC_WARN_64_TO_32_BIT_CONVERSION = YES;
				GCC_WARN_ABOUT_RETURN_TYPE = YES_ERROR;
				GCC_WARN_UNDECLARED_SELECTOR = YES;
				GCC_WARN_UNINITIALIZED_AUTOS = YES_AGGRESSIVE;
				GCC_WARN_UNUSED_FUNCTION = YES;
				GCC_WARN_UNUSED_VARIABLE = YES;
				IPHONEOS_DEPLOYMENT_TARGET = 14.5;
				MTL_ENABLE_DEBUG_INFO = INCLUDE_SOURCE;
				MTL_FAST_MATH = YES;
				ONLY_ACTIVE_ARCH = YES;
				SDKROOT = iphoneos;
				SWIFT_ACTIVE_COMPILATION_CONDITIONS = DEBUG;
				SWIFT_OPTIMIZATION_LEVEL = "-Onone";
			};
			name = Debug;
		};
		409338E32678DA4F00351D44 /* Release */ = {
			isa = XCBuildConfiguration;
			buildSettings = {
				ALWAYS_SEARCH_USER_PATHS = NO;
				CLANG_ANALYZER_NONNULL = YES;
				CLANG_ANALYZER_NUMBER_OBJECT_CONVERSION = YES_AGGRESSIVE;
				CLANG_CXX_LANGUAGE_STANDARD = "gnu++14";
				CLANG_CXX_LIBRARY = "libc++";
				CLANG_ENABLE_MODULES = YES;
				CLANG_ENABLE_OBJC_ARC = YES;
				CLANG_ENABLE_OBJC_WEAK = YES;
				CLANG_WARN_BLOCK_CAPTURE_AUTORELEASING = YES;
				CLANG_WARN_BOOL_CONVERSION = YES;
				CLANG_WARN_COMMA = YES;
				CLANG_WARN_CONSTANT_CONVERSION = YES;
				CLANG_WARN_DEPRECATED_OBJC_IMPLEMENTATIONS = YES;
				CLANG_WARN_DIRECT_OBJC_ISA_USAGE = YES_ERROR;
				CLANG_WARN_DOCUMENTATION_COMMENTS = YES;
				CLANG_WARN_EMPTY_BODY = YES;
				CLANG_WARN_ENUM_CONVERSION = YES;
				CLANG_WARN_INFINITE_RECURSION = YES;
				CLANG_WARN_INT_CONVERSION = YES;
				CLANG_WARN_NON_LITERAL_NULL_CONVERSION = YES;
				CLANG_WARN_OBJC_IMPLICIT_RETAIN_SELF = YES;
				CLANG_WARN_OBJC_LITERAL_CONVERSION = YES;
				CLANG_WARN_OBJC_ROOT_CLASS = YES_ERROR;
				CLANG_WARN_QUOTED_INCLUDE_IN_FRAMEWORK_HEADER = YES;
				CLANG_WARN_RANGE_LOOP_ANALYSIS = YES;
				CLANG_WARN_STRICT_PROTOTYPES = YES;
				CLANG_WARN_SUSPICIOUS_MOVE = YES;
				CLANG_WARN_UNGUARDED_AVAILABILITY = YES_AGGRESSIVE;
				CLANG_WARN_UNREACHABLE_CODE = YES;
				CLANG_WARN__DUPLICATE_METHOD_MATCH = YES;
				COPY_PHASE_STRIP = NO;
				DEBUG_INFORMATION_FORMAT = "dwarf-with-dsym";
				ENABLE_NS_ASSERTIONS = NO;
				ENABLE_STRICT_OBJC_MSGSEND = YES;
				GCC_C_LANGUAGE_STANDARD = gnu11;
				GCC_NO_COMMON_BLOCKS = YES;
				GCC_WARN_64_TO_32_BIT_CONVERSION = YES;
				GCC_WARN_ABOUT_RETURN_TYPE = YES_ERROR;
				GCC_WARN_UNDECLARED_SELECTOR = YES;
				GCC_WARN_UNINITIALIZED_AUTOS = YES_AGGRESSIVE;
				GCC_WARN_UNUSED_FUNCTION = YES;
				GCC_WARN_UNUSED_VARIABLE = YES;
				IPHONEOS_DEPLOYMENT_TARGET = 14.5;
				MTL_ENABLE_DEBUG_INFO = NO;
				MTL_FAST_MATH = YES;
				SDKROOT = iphoneos;
				SWIFT_COMPILATION_MODE = wholemodule;
				SWIFT_OPTIMIZATION_LEVEL = "-O";
				VALIDATE_PRODUCT = YES;
			};
			name = Release;
		};
		409338E52678DA4F00351D44 /* Debug */ = {
			isa = XCBuildConfiguration;
			buildSettings = {
				ASSETCATALOG_COMPILER_APPICON_NAME = AppIcon;
				ASSETCATALOG_COMPILER_GLOBAL_ACCENT_COLOR_NAME = AccentColor;
				CODE_SIGN_STYLE = Automatic;
				DEVELOPMENT_TEAM = AZ5GBDWZ9H;
				INFOPLIST_FILE = Books/Info.plist;
				LD_RUNPATH_SEARCH_PATHS = (
					"$(inherited)",
					"@executable_path/Frameworks",
				);
				PRODUCT_BUNDLE_IDENTIFIER = com.joeciou.waker.Books;
				PRODUCT_NAME = "$(TARGET_NAME)";
				SWIFT_VERSION = 5.0;
				TARGETED_DEVICE_FAMILY = "1,2";
			};
			name = Debug;
		};
		409338E62678DA4F00351D44 /* Release */ = {
			isa = XCBuildConfiguration;
			buildSettings = {
				ASSETCATALOG_COMPILER_APPICON_NAME = AppIcon;
				ASSETCATALOG_COMPILER_GLOBAL_ACCENT_COLOR_NAME = AccentColor;
				CODE_SIGN_STYLE = Automatic;
				DEVELOPMENT_TEAM = AZ5GBDWZ9H;
				INFOPLIST_FILE = Books/Info.plist;
				LD_RUNPATH_SEARCH_PATHS = (
					"$(inherited)",
					"@executable_path/Frameworks",
				);
				PRODUCT_BUNDLE_IDENTIFIER = com.joeciou.waker.Books;
				PRODUCT_NAME = "$(TARGET_NAME)";
				SWIFT_VERSION = 5.0;
				TARGETED_DEVICE_FAMILY = "1,2";
			};
			name = Release;
		};
		409338E82678DA4F00351D44 /* Debug */ = {
			isa = XCBuildConfiguration;
			buildSettings = {
				ALWAYS_EMBED_SWIFT_STANDARD_LIBRARIES = YES;
				BUNDLE_LOADER = "$(TEST_HOST)";
				CODE_SIGN_STYLE = Automatic;
				DEVELOPMENT_TEAM = AZ5GBDWZ9H;
				INFOPLIST_FILE = BooksTests/Info.plist;
				IPHONEOS_DEPLOYMENT_TARGET = 14.5;
				LD_RUNPATH_SEARCH_PATHS = (
					"$(inherited)",
					"@executable_path/Frameworks",
					"@loader_path/Frameworks",
				);
				PRODUCT_BUNDLE_IDENTIFIER = com.joeciou.waker.BooksTests;
				PRODUCT_NAME = "$(TARGET_NAME)";
				SWIFT_VERSION = 5.0;
				TARGETED_DEVICE_FAMILY = "1,2";
				TEST_HOST = "$(BUILT_PRODUCTS_DIR)/Books.app/Books";
			};
			name = Debug;
		};
		409338E92678DA4F00351D44 /* Release */ = {
			isa = XCBuildConfiguration;
			buildSettings = {
				ALWAYS_EMBED_SWIFT_STANDARD_LIBRARIES = YES;
				BUNDLE_LOADER = "$(TEST_HOST)";
				CODE_SIGN_STYLE = Automatic;
				DEVELOPMENT_TEAM = AZ5GBDWZ9H;
				INFOPLIST_FILE = BooksTests/Info.plist;
				IPHONEOS_DEPLOYMENT_TARGET = 14.5;
				LD_RUNPATH_SEARCH_PATHS = (
					"$(inherited)",
					"@executable_path/Frameworks",
					"@loader_path/Frameworks",
				);
				PRODUCT_BUNDLE_IDENTIFIER = com.joeciou.waker.BooksTests;
				PRODUCT_NAME = "$(TARGET_NAME)";
				SWIFT_VERSION = 5.0;
				TARGETED_DEVICE_FAMILY = "1,2";
				TEST_HOST = "$(BUILT_PRODUCTS_DIR)/Books.app/Books";
			};
			name = Release;
		};
		409338EB2678DA4F00351D44 /* Debug */ = {
			isa = XCBuildConfiguration;
			buildSettings = {
				ALWAYS_EMBED_SWIFT_STANDARD_LIBRARIES = YES;
				CODE_SIGN_STYLE = Automatic;
				DEVELOPMENT_TEAM = AZ5GBDWZ9H;
				INFOPLIST_FILE = BooksUITests/Info.plist;
				LD_RUNPATH_SEARCH_PATHS = (
					"$(inherited)",
					"@executable_path/Frameworks",
					"@loader_path/Frameworks",
				);
				PRODUCT_BUNDLE_IDENTIFIER = com.joeciou.waker.BooksUITests;
				PRODUCT_NAME = "$(TARGET_NAME)";
				SWIFT_VERSION = 5.0;
				TARGETED_DEVICE_FAMILY = "1,2";
				TEST_TARGET_NAME = Books;
			};
			name = Debug;
		};
		409338EC2678DA4F00351D44 /* Release */ = {
			isa = XCBuildConfiguration;
			buildSettings = {
				ALWAYS_EMBED_SWIFT_STANDARD_LIBRARIES = YES;
				CODE_SIGN_STYLE = Automatic;
				DEVELOPMENT_TEAM = AZ5GBDWZ9H;
				INFOPLIST_FILE = BooksUITests/Info.plist;
				LD_RUNPATH_SEARCH_PATHS = (
					"$(inherited)",
					"@executable_path/Frameworks",
					"@loader_path/Frameworks",
				);
				PRODUCT_BUNDLE_IDENTIFIER = com.joeciou.waker.BooksUITests;
				PRODUCT_NAME = "$(TARGET_NAME)";
				SWIFT_VERSION = 5.0;
				TARGETED_DEVICE_FAMILY = "1,2";
				TEST_TARGET_NAME = Books;
			};
			name = Release;
		};
/* End XCBuildConfiguration section */

/* Begin XCConfigurationList section */
		409338B52678DA4B00351D44 /* Build configuration list for PBXProject "Books" */ = {
			isa = XCConfigurationList;
			buildConfigurations = (
				409338E22678DA4F00351D44 /* Debug */,
				409338E32678DA4F00351D44 /* Release */,
			);
			defaultConfigurationIsVisible = 0;
			defaultConfigurationName = Release;
		};
		409338E42678DA4F00351D44 /* Build configuration list for PBXNativeTarget "Books" */ = {
			isa = XCConfigurationList;
			buildConfigurations = (
				409338E52678DA4F00351D44 /* Debug */,
				409338E62678DA4F00351D44 /* Release */,
			);
			defaultConfigurationIsVisible = 0;
			defaultConfigurationName = Release;
		};
		409338E72678DA4F00351D44 /* Build configuration list for PBXNativeTarget "BooksTests" */ = {
			isa = XCConfigurationList;
			buildConfigurations = (
				409338E82678DA4F00351D44 /* Debug */,
				409338E92678DA4F00351D44 /* Release */,
			);
			defaultConfigurationIsVisible = 0;
			defaultConfigurationName = Release;
		};
		409338EA2678DA4F00351D44 /* Build configuration list for PBXNativeTarget "BooksUITests" */ = {
			isa = XCConfigurationList;
			buildConfigurations = (
				409338EB2678DA4F00351D44 /* Debug */,
				409338EC2678DA4F00351D44 /* Release */,
			);
			defaultConfigurationIsVisible = 0;
			defaultConfigurationName = Release;
		};
/* End XCConfigurationList section */
	};
	rootObject = 409338B22678DA4B00351D44 /* Project object */;
}
